PODS:
  - FBSDKCoreKit (5.1.1):
    - FBSDKCoreKit/Basics (= 5.1.1)
    - FBSDKCoreKit/Core (= 5.1.1)
  - FBSDKCoreKit/Basics (5.1.1)
  - FBSDKCoreKit/Core (5.1.1):
    - FBSDKCoreKit/Basics
  - FBSDKLoginKit (5.1.1):
    - FBSDKCoreKit (~> 5.0)
  - FBSDKShareKit (5.1.1):
    - FBSDKCoreKit (~> 5.0)
  - JGProgressHUD (2.0.3)
  - KeychainSwift (16.0.1)
  - SDWebImage (5.0.6):
    - SDWebImage/Core (= 5.0.6)
  - SDWebImage/Core (5.0.6)
  - SwiftyJSON (5.0.0)

DEPENDENCIES:
  - FBSDKCoreKit
  - FBSDKLoginKit
  - FBSDKShareKit
  - JGProgressHUD
  - KeychainSwift
  - SDWebImage
  - SwiftyJSON

SPEC REPOS:
  https://github.com/cocoapods/specs.git:
    - FBSDKCoreKit
    - FBSDKLoginKit
    - FBSDKShareKit
    - JGProgressHUD
    - KeychainSwift
    - SDWebImage
    - SwiftyJSON

SPEC CHECKSUMS:
  FBSDKCoreKit: c29b6b65f6a171ca0a317960a622cff62c9ee269
  FBSDKLoginKit: fdaf402766755e1175ed5c0382f25e2e7dab3c2a
  FBSDKShareKit: 3656136d5be89f5bd59160c962888d760e4225f5
  JGProgressHUD: 12b20a8f4ffe05258f8635c1ab92816e451f904d
  KeychainSwift: 4209611373ca4a098e09b1e547eebd87c544dcc4
  SDWebImage: 920f1a2ff1ca8296ad34f6e0510a1ef1d70ac965
  SwiftyJSON: 36413e04c44ee145039d332b4f4e2d3e8d6c4db7

PODFILE CHECKSUM: 1f0fd53a42cc63e8cb347e68adf7a0c27f905784

COCOAPODS: 1.7.2
